
Microsoft Visual Studio Solution File, Format Version 12.00
# Visual Studio Version 16
VisualStudioVersion = 16.0.32002.261
MinimumVisualStudioVersion = 10.0.40219.1
Project("{FAE04EC0-301F-11D3-BF4B-00C04F79EFBC}") = "NonMVCwebAppPractice", "NonMVCwebAppPractice\NonMVCwebAppPractice.csproj", "{2DEF4139-E7E8-4F8D-82FC-697A85B63BAA}"
EndProject
Global
	GlobalSection(SolutionConfigurationPlatforms) = preSolution
		Debug|Any CPU = Debug|Any CPU
		Release|Any CPU = Release|Any CPU
	EndGlobalSection
	GlobalSection(ProjectConfigurationPlatforms) = postSolution
		{2DEF4139-E7E8-4F8D-82FC-697A85B63BAA}.Debug|Any CPU.ActiveCfg = Debug|Any CPU
		{2DEF4139-E7E8-4F8D-82FC-697A85B63BAA}.Debug|Any CPU.Build.0 = Debug|Any CPU
		{2DEF4139-E7E8-4F8D-82FC-697A85B63BAA}.Release|Any CPU.ActiveCfg = Release|Any CPU
		{2DEF4139-E7E8-4F8D-82FC-697A85B63BAA}.Release|Any CPU.Build.0 = Release|Any CPU
	EndGlobalSection
	GlobalSection(SolutionProperties) = preSolution
		HideSolutionNode = FALSE
	EndGlobalSection
	GlobalSection(ExtensibilityGlobals) = postSolution
		SolutionGuid = {E32FE77C-7068-4DC1-A5FC-1F1A578CAEE5}
	EndGlobalSection
EndGlobal
